
Microsoft Visual Studio Solution File, Format Version 12.00
# Visual Studio Version 16
VisualStudioVersion = 16.0.29911.84
MinimumVisualStudioVersion = 10.0.40219.1
Project("{FAE04EC0-301F-11D3-BF4B-00C04F79EFBC}") = "DateTimeSample", "DateTimeSample\DateTimeSample.csproj", "{51BC2373-3748-4CAF-9F48-C858FB18F609}"
EndProject
Global
	GlobalSection(SolutionConfigurationPlatforms) = preSolution
		Debug|Any CPU = Debug|Any CPU
		Release|Any CPU = Release|Any CPU
	EndGlobalSection
	GlobalSection(ProjectConfigurationPlatforms) = postSolution
		{51BC2373-3748-4CAF-9F48-C858FB18F609}.Debug|Any CPU.ActiveCfg = Debug|Any CPU
		{51BC2373-3748-4CAF-9F48-C858FB18F609}.Debug|Any CPU.Build.0 = Debug|Any CPU
		{51BC2373-3748-4CAF-9F48-C858FB18F609}.Release|Any CPU.ActiveCfg = Release|Any CPU
		{51BC2373-3748-4CAF-9F48-C858FB18F609}.Release|Any CPU.Build.0 = Release|Any CPU
	EndGlobalSection
	GlobalSection(SolutionProperties) = preSolution
		HideSolutionNode = FALSE
	EndGlobalSection
	GlobalSection(ExtensibilityGlobals) = postSolution
		SolutionGuid = {168BBF2F-0D2E-429D-B739-C75F25A3AB7B}
	EndGlobalSection
EndGlobal
